
Microsoft Visual Studio Solution File, Format Version 12.00
# Visual Studio Version 17
VisualStudioVersion = 17.12.35707.178 d17.12
MinimumVisualStudioVersion = 10.0.40219.1
Project("{FAE04EC0-301F-11D3-BF4B-00C04F79EFBC}") = "expenses.backend.webapi", "expenses.backend.webapi\expenses.backend.webapi.csproj", "{CA32E6E1-DB32-40A0-8D3C-B2BB447B91DC}"
EndProject
Project("{FAE04EC0-301F-11D3-BF4B-00C04F79EFBC}") = "expenses.db", "expenses.db\expenses.db.csproj", "{92200755-06C8-4B81-AECA-6E42DE535B68}"
EndProject
Global
	GlobalSection(SolutionConfigurationPlatforms) = preSolution
		Debug|Any CPU = Debug|Any CPU
		Release|Any CPU = Release|Any CPU
	EndGlobalSection
	GlobalSection(ProjectConfigurationPlatforms) = postSolution
		{CA32E6E1-DB32-40A0-8D3C-B2BB447B91DC}.Debug|Any CPU.ActiveCfg = Debug|Any CPU
		{CA32E6E1-DB32-40A0-8D3C-B2BB447B91DC}.Debug|Any CPU.Build.0 = Debug|Any CPU
		{CA32E6E1-DB32-40A0-8D3C-B2BB447B91DC}.Release|Any CPU.ActiveCfg = Release|Any CPU
		{CA32E6E1-DB32-40A0-8D3C-B2BB447B91DC}.Release|Any CPU.Build.0 = Release|Any CPU
		{92200755-06C8-4B81-AECA-6E42DE535B68}.Debug|Any CPU.ActiveCfg = Debug|Any CPU
		{92200755-06C8-4B81-AECA-6E42DE535B68}.Debug|Any CPU.Build.0 = Debug|Any CPU
		{92200755-06C8-4B81-AECA-6E42DE535B68}.Release|Any CPU.ActiveCfg = Release|Any CPU
		{92200755-06C8-4B81-AECA-6E42DE535B68}.Release|Any CPU.Build.0 = Release|Any CPU
	EndGlobalSection
	GlobalSection(SolutionProperties) = preSolution
		HideSolutionNode = FALSE
	EndGlobalSection
EndGlobal
